schema: '2.0'
stages:
  make_dataset:
    cmd: python .\src\data\make_dataset.py .\data\raw\creditcard.csv
    deps:
    - path: .\data\raw\creditcard.csv
      hash: md5
      md5: 7f223b46d5dc0bc21a5527f17a85f76d
      size: 150828220
    - path: .\src\data\make_dataset.py
      hash: md5
      md5: 8006ac5bd6860995ef17f0320794bfea
      size: 1478
  train_model:
    cmd: python .\src\models\train_model.py .\data\processed\
    deps:
    - path: .\data\processed\
      hash: md5
      md5: a87ef13f6dd94f08a29f369776d307f3.dir
      size: 151101994
      nfiles: 3
    - path: .\src\models\train_model.py
      hash: md5
      md5: 8378866bf8d6e62371c9e39bd5dcb227
      size: 1243
  visualize:
    cmd: python .\src\visualization\visualize.py .\models\model.joblib .\data\processed\
    deps:
    - path: .\data\processed\
      hash: md5
      md5: a87ef13f6dd94f08a29f369776d307f3.dir
      size: 151101994
      nfiles: 3
    - path: .\models\model.joblib
      hash: md5
      md5: 06da33976a0bd944d27edf6ebe0c3c96
      size: 26649
    - path: .\src\visualization\visualize.py
      hash: md5
      md5: fe20d3d8fecddac902c8eb6ba12eb501
      size: 3177
